PODS:
  - Capacitor (6.2.1):
    - CapacitorCordova
  - CapacitorApp (6.0.2):
    - Capacitor
  - CapacitorClipboard (6.0.2):
    - Capacitor
  - CapacitorCordova (6.2.1)
  - CapacitorDevice (6.0.2):
    - Capacitor
  - CapacitorShare (6.0.3):
    - Capacitor
  - CapacitorStatusBar (6.0.2):
    - Capacitor
  - CapacitorToast (6.0.3):
    - Capacitor

DEPENDENCIES:
  - "Capacitor (from `../../node_modules/@capacitor/ios`)"
  - "CapacitorApp (from `../../node_modules/@capacitor/app`)"
  - "CapacitorClipboard (from `../../node_modules/@capacitor/clipboard`)"
  - "CapacitorCordova (from `../../node_modules/@capacitor/ios`)"
  - "CapacitorDevice (from `../../node_modules/@capacitor/device`)"
  - "CapacitorShare (from `../../node_modules/@capacitor/share`)"
  - "CapacitorStatusBar (from `../../node_modules/@capacitor/status-bar`)"
  - "CapacitorToast (from `../../node_modules/@capacitor/toast`)"

EXTERNAL SOURCES:
  Capacitor:
    :path: "../../node_modules/@capacitor/ios"
  CapacitorApp:
    :path: "../../node_modules/@capacitor/app"
  CapacitorClipboard:
    :path: "../../node_modules/@capacitor/clipboard"
  CapacitorCordova:
    :path: "../../node_modules/@capacitor/ios"
  CapacitorDevice:
    :path: "../../node_modules/@capacitor/device"
  CapacitorShare:
    :path: "../../node_modules/@capacitor/share"
  CapacitorStatusBar:
    :path: "../../node_modules/@capacitor/status-bar"
  CapacitorToast:
    :path: "../../node_modules/@capacitor/toast"

SPEC CHECKSUMS:
  Capacitor: c95400d761e376be9da6be5a05f226c0e865cebf
  CapacitorApp: e1e6b7d05e444d593ca16fd6d76f2b7c48b5aea7
  CapacitorClipboard: 4443c3cdb7c77b1533dfe3ff0f9f7756aa8579df
  CapacitorCordova: 8d93e14982f440181be7304aa9559ca631d77fff
  CapacitorDevice: 9efd479d71d1baad74b75df531184c3f730eaa48
  CapacitorShare: d2a742baec21c8f3b92b361a2fbd2401cdd8288e
  CapacitorStatusBar: b16799a26320ffa52f6c8b01737d5a95bbb8f3eb
  CapacitorToast: 325d1815e2c2b556257909df7ef1e25eb96cd0c5

PODFILE CHECKSUM: 13f843d2fdfeb31c47fc42f7248e71d65820900d

COCOAPODS: 1.16.2
